
Microsoft Visual Studio Solution File, Format Version 12.00
# Visual Studio Version 16
VisualStudioVersion = 16.0.31005.135
MinimumVisualStudioVersion = 10.0.40219.1
Project("{FAE04EC0-301F-11D3-BF4B-00C04F79EFBC}") = "EventsAPI", "EventsAPI\EventsAPI.csproj", "{F567854A-6C54-4F9B-B537-817B93E34578}"
EndProject
Project("{FAE04EC0-301F-11D3-BF4B-00C04F79EFBC}") = "EventsApp", "EventsApp\EventsApp.csproj", "{393846BC-D675-4405-85C8-C3BC102912D6}"
EndProject
Project("{FAE04EC0-301F-11D3-BF4B-00C04F79EFBC}") = "EventsPersistence", "EventsPersistence\EventsPersistence.csproj", "{0646584D-4FB2-40AA-98CA-D9593753DB03}"
EndProject
Project("{FAE04EC0-301F-11D3-BF4B-00C04F79EFBC}") = "EventsDomain", "EventsDomain\EventsDomain.csproj", "{2778834D-117B-4586-AA01-8B54FC6A18B7}"
EndProject
Global
	GlobalSection(SolutionProperties) = preSolution
		HideSolutionNode = FALSE
	EndGlobalSection
	GlobalSection(ExtensibilityGlobals) = postSolution
		SolutionGuid = {FC156297-AE2D-4318-BB12-52E086800FED}
	EndGlobalSection
	GlobalSection(SolutionConfigurationPlatforms) = preSolution
		Debug|Any CPU = Debug|Any CPU
		Debug|x64 = Debug|x64
		Debug|x86 = Debug|x86
		Release|Any CPU = Release|Any CPU
		Release|x64 = Release|x64
		Release|x86 = Release|x86
	EndGlobalSection
	GlobalSection(ProjectConfigurationPlatforms) = postSolution
		{F567854A-6C54-4F9B-B537-817B93E34578}.Debug|Any CPU.ActiveCfg = Debug|Any CPU
		{F567854A-6C54-4F9B-B537-817B93E34578}.Debug|Any CPU.Build.0 = Debug|Any CPU
		{F567854A-6C54-4F9B-B537-817B93E34578}.Debug|x64.ActiveCfg = Debug|Any CPU
		{F567854A-6C54-4F9B-B537-817B93E34578}.Debug|x64.Build.0 = Debug|Any CPU
		{F567854A-6C54-4F9B-B537-817B93E34578}.Debug|x86.ActiveCfg = Debug|Any CPU
		{F567854A-6C54-4F9B-B537-817B93E34578}.Debug|x86.Build.0 = Debug|Any CPU
		{F567854A-6C54-4F9B-B537-817B93E34578}.Release|Any CPU.ActiveCfg = Release|Any CPU
		{F567854A-6C54-4F9B-B537-817B93E34578}.Release|Any CPU.Build.0 = Release|Any CPU
		{F567854A-6C54-4F9B-B537-817B93E34578}.Release|x64.ActiveCfg = Release|Any CPU
		{F567854A-6C54-4F9B-B537-817B93E34578}.Release|x64.Build.0 = Release|Any CPU
		{F567854A-6C54-4F9B-B537-817B93E34578}.Release|x86.ActiveCfg = Release|Any CPU
		{F567854A-6C54-4F9B-B537-817B93E34578}.Release|x86.Build.0 = Release|Any CPU
		{393846BC-D675-4405-85C8-C3BC102912D6}.Debug|Any CPU.ActiveCfg = Debug|Any CPU
		{393846BC-D675-4405-85C8-C3BC102912D6}.Debug|Any CPU.Build.0 = Debug|Any CPU
		{393846BC-D675-4405-85C8-C3BC102912D6}.Debug|x64.ActiveCfg = Debug|Any CPU
		{393846BC-D675-4405-85C8-C3BC102912D6}.Debug|x64.Build.0 = Debug|Any CPU
		{393846BC-D675-4405-85C8-C3BC102912D6}.Debug|x86.ActiveCfg = Debug|Any CPU
		{393846BC-D675-4405-85C8-C3BC102912D6}.Debug|x86.Build.0 = Debug|Any CPU
		{393846BC-D675-4405-85C8-C3BC102912D6}.Release|Any CPU.ActiveCfg = Release|Any CPU
		{393846BC-D675-4405-85C8-C3BC102912D6}.Release|Any CPU.Build.0 = Release|Any CPU
		{393846BC-D675-4405-85C8-C3BC102912D6}.Release|x64.ActiveCfg = Release|Any CPU
		{393846BC-D675-4405-85C8-C3BC102912D6}.Release|x64.Build.0 = Release|Any CPU
		{393846BC-D675-4405-85C8-C3BC102912D6}.Release|x86.ActiveCfg = Release|Any CPU
		{393846BC-D675-4405-85C8-C3BC102912D6}.Release|x86.Build.0 = Release|Any CPU
		{0646584D-4FB2-40AA-98CA-D9593753DB03}.Debug|Any CPU.ActiveCfg = Debug|Any CPU
		{0646584D-4FB2-40AA-98CA-D9593753DB03}.Debug|Any CPU.Build.0 = Debug|Any CPU
		{0646584D-4FB2-40AA-98CA-D9593753DB03}.Debug|x64.ActiveCfg = Debug|Any CPU
		{0646584D-4FB2-40AA-98CA-D9593753DB03}.Debug|x64.Build.0 = Debug|Any CPU
		{0646584D-4FB2-40AA-98CA-D9593753DB03}.Debug|x86.ActiveCfg = Debug|Any CPU
		{0646584D-4FB2-40AA-98CA-D9593753DB03}.Debug|x86.Build.0 = Debug|Any CPU
		{0646584D-4FB2-40AA-98CA-D9593753DB03}.Release|Any CPU.ActiveCfg = Release|Any CPU
		{0646584D-4FB2-40AA-98CA-D9593753DB03}.Release|Any CPU.Build.0 = Release|Any CPU
		{0646584D-4FB2-40AA-98CA-D9593753DB03}.Release|x64.ActiveCfg = Release|Any CPU
		{0646584D-4FB2-40AA-98CA-D9593753DB03}.Release|x64.Build.0 = Release|Any CPU
		{0646584D-4FB2-40AA-98CA-D9593753DB03}.Release|x86.ActiveCfg = Release|Any CPU
		{0646584D-4FB2-40AA-98CA-D9593753DB03}.Release|x86.Build.0 = Release|Any CPU
		{2778834D-117B-4586-AA01-8B54FC6A18B7}.Debug|Any CPU.ActiveCfg = Debug|Any CPU
		{2778834D-117B-4586-AA01-8B54FC6A18B7}.Debug|Any CPU.Build.0 = Debug|Any CPU
		{2778834D-117B-4586-AA01-8B54FC6A18B7}.Debug|x64.ActiveCfg = Debug|Any CPU
		{2778834D-117B-4586-AA01-8B54FC6A18B7}.Debug|x64.Build.0 = Debug|Any CPU
		{2778834D-117B-4586-AA01-8B54FC6A18B7}.Debug|x86.ActiveCfg = Debug|Any CPU
		{2778834D-117B-4586-AA01-8B54FC6A18B7}.Debug|x86.Build.0 = Debug|Any CPU
		{2778834D-117B-4586-AA01-8B54FC6A18B7}.Release|Any CPU.ActiveCfg = Release|Any CPU
		{2778834D-117B-4586-AA01-8B54FC6A18B7}.Release|Any CPU.Build.0 = Release|Any CPU
		{2778834D-117B-4586-AA01-8B54FC6A18B7}.Release|x64.ActiveCfg = Release|Any CPU
		{2778834D-117B-4586-AA01-8B54FC6A18B7}.Release|x64.Build.0 = Release|Any CPU
		{2778834D-117B-4586-AA01-8B54FC6A18B7}.Release|x86.ActiveCfg = Release|Any CPU
		{2778834D-117B-4586-AA01-8B54FC6A18B7}.Release|x86.Build.0 = Release|Any CPU
	EndGlobalSection
EndGlobal
